#MicroXplorer Configuration settings - do not modify
Mcu.Family=STM32F1
VP_USB_DEVICE_VS_USB_DEVICE_CUSTOM_HID_FS.Signal=USB_DEVICE_VS_USB_DEVICE_CUSTOM_HID_FS
ProjectManager.MainLocation=Src
RCC.MCOFreq_Value=72000000
USB_DEVICE.CLASS_NAME_FS=CUSTOMHID
ProjectManager.ProjectFileName=urcjoy.ioc
USART2.IPParameters=VirtualMode,Mode
PD1-OSC_OUT.Mode=HSE-External-Oscillator
USB_DEVICE.INTERFACE_STRING_CUSTOMHID_FS=HID Interface
TIM3.Channel-Input_Capture2_from_TI2=TIM_CHANNEL_2
ProjectManager.KeepUserCode=true
PA10.Mode=Asynchronous
Mcu.UserName=STM32F103C8Tx
Mcu.PinsNb=18
USB_DEVICE.USBD_CUSTOM_HID_REPORT_DESC_SIZE=57
ProjectManager.NoMain=false
USB_DEVICE.VirtualModeFS=Custom_Hid_FS
RCC.PLLCLKFreq_Value=72000000
VP_IWDG_VS_IWDG.Mode=IWDG_Activate
VP_USB_DEVICE_VS_USB_DEVICE_CUSTOM_HID_FS.Mode=CUSTOM_HID_FS
ProjectManager.functionlistsort=1-MX_GPIO_Init-GPIO-false-HAL-true,2-SystemClock_Config-RCC-false-HAL-false,3-MX_USB_DEVICE_Init-USB_DEVICE-false-HAL-false,4-MX_USART1_UART_Init-USART1-false-HAL-true,5-MX_USART2_UART_Init-USART2-false-HAL-true,6-MX_IWDG_Init-IWDG-false-HAL-true,7-MX_TIM4_Init-TIM4-false-HAL-true
PC13-TAMPER-RTC.Signal=GPIO_Output
RCC.USBPrescaler=RCC_USBCLKSOURCE_PLL_DIV1_5
PA11.Mode=Device
RCC.ADCFreqValue=36000000
ProjectManager.DefaultFWLocation=true
PD0-OSC_IN.Signal=RCC_OSC_IN
ProjectManager.DeletePrevious=true
USART1.IPParameters=VirtualMode,Mode
RCC.APB1CLKDivider=RCC_HCLK_DIV2
USB_DEVICE.IPParameters=VirtualMode,VirtualModeFS,CLASS_NAME_FS,PRODUCT_STRING_CUSTOMHID_FS,CONFIGURATION_STRING_CUSTOMHID_FS,INTERFACE_STRING_CUSTOMHID_FS,USBD_CUSTOM_HID_REPORT_DESC_SIZE,USBD_CUSTOMHID_OUTREPORT_BUF_SIZE,PID_CUSTOMHID_FS,SERIALNUMBER_STRING_CUSTOMHID_FS,USBD_SELF_POWERED
PinOutPanel.RotationAngle=0
RCC.FamilyName=M
RCC.SYSCLKSource=RCC_SYSCLKSOURCE_PLLCLK
ProjectManager.StackSize=0x400
PB5.GPIOParameters=GPIO_Label
PD1-OSC_OUT.Signal=RCC_OSC_OUT
PA13.Signal=SYS_JTMS-SWDIO
PA3.Mode=Asynchronous
Mcu.IP4=TIM3
RCC.FCLKCortexFreq_Value=72000000
Mcu.IP5=USART1
NVIC.SVCall_IRQn=true\:0\:0\:false\:false\:false\:false\:false
Mcu.IP2=RCC
Mcu.IP3=SYS
Mcu.IP0=IWDG
PA9.Mode=Asynchronous
Mcu.IP1=NVIC
PA12.Signal=USB_DP
PA4.PinState=GPIO_PIN_RESET
Mcu.UserConstants=
USB_DEVICE.PID_CUSTOMHID_FS=22288
SH.S_TIM3_CH2.ConfNb=2
ProjectManager.TargetToolchain=Makefile
Mcu.ThirdPartyNb=0
RCC.HCLKFreq_Value=72000000
Mcu.IPNb=9
ProjectManager.PreviousToolchain=
RCC.APB2TimFreq_Value=72000000
TIM3.Period=65535
PA9.Signal=USART1_TX
Mcu.Pin6=PA9
Mcu.Pin7=PA10
Mcu.Pin8=PA11
PC13-TAMPER-RTC.Locked=true
RCC.USBFreq_Value=48000000
Mcu.Pin9=PA12
VP_TIM3_VS_ClockSourceINT.Signal=TIM3_VS_ClockSourceINT
RCC.AHBFreq_Value=72000000
Mcu.Pin0=PC13-TAMPER-RTC
Mcu.Pin1=PD0-OSC_IN
GPIO.groupedBy=Group By Peripherals
PD0-OSC_IN.Mode=HSE-External-Oscillator
Mcu.Pin2=PD1-OSC_OUT
Mcu.Pin3=PA2
Mcu.Pin4=PA3
USB_DEVICE.PRODUCT_STRING_CUSTOMHID_FS=Universal RC Joystick
Mcu.Pin5=PA4
SH.S_TIM3_CH2.1=TIM3_CH2,TriggerSource_TI2FP2
ProjectManager.ProjectBuild=false
SH.S_TIM3_CH2.0=TIM3_CH2,Input_Capture2_from_TI2
NVIC.UsageFault_IRQn=true\:0\:0\:false\:false\:false\:false\:false
NVIC.DebugMonitor_IRQn=true\:0\:0\:false\:false\:false\:false\:false
PA4.GPIO_PuPd=GPIO_NOPULL
board=custom
PA4.Locked=true
NVIC.SysTick_IRQn=true\:1\:0\:true\:false\:true\:false\:true
ProjectManager.LastFirmware=true
RCC.PLLMUL=RCC_PLL_MUL9
PA4.GPIO_Speed=GPIO_SPEED_FREQ_HIGH
RCC.VCOOutput2Freq_Value=8000000
ProjectManager.FirmwarePackage=STM32Cube FW_F1 V1.6.1
MxDb.Version=DB.4.0.270
RCC.APB2Freq_Value=72000000
USB_DEVICE.USBD_SELF_POWERED=0
ProjectManager.BackupPrevious=false
MxCube.Version=4.27.0
USART1.Mode=MODE_TX
PA14.Mode=Serial_Wire
TIM3.Prescaler=71
NVIC.USB_LP_CAN1_RX0_IRQn=true\:1\:0\:true\:false\:true\:false\:true
File.Version=6
VP_SYS_VS_Systick.Mode=SysTick
VP_TIM3_VS_ControllerModeReset.Signal=TIM3_VS_ControllerModeReset
TIM3.IPParameters=Prescaler,Period,Channel-Input_Capture2_from_TI2
PA9.Locked=true
NVIC.NonMaskableInt_IRQn=true\:0\:0\:false\:false\:false\:false\:false
PA4.GPIOParameters=GPIO_Speed,PinState,GPIO_PuPd,GPIO_Label,GPIO_ModeDefaultOutputPP
USB_DEVICE.CONFIGURATION_STRING_CUSTOMHID_FS=HID Config
NVIC.PendSV_IRQn=true\:0\:0\:false\:false\:false\:false\:false
PA13.Mode=Serial_Wire
ProjectManager.FreePins=false
RCC.IPParameters=ADCFreqValue,AHBFreq_Value,APB1CLKDivider,APB1Freq_Value,APB1TimFreq_Value,APB2Freq_Value,APB2TimFreq_Value,FCLKCortexFreq_Value,FamilyName,HCLKFreq_Value,MCOFreq_Value,PLLCLKFreq_Value,PLLMCOFreq_Value,PLLMUL,SYSCLKFreq_VALUE,SYSCLKSource,TimSysFreq_Value,USBFreq_Value,USBPrescaler,VCOOutput2Freq_Value
IWDG.IPParameters=Prescaler
ProjectManager.AskForMigrate=false
Mcu.Name=STM32F103C(8-B)Tx
ProjectManager.HalAssertFull=false
PA2.Signal=USART2_TX
ProjectManager.ProjectName=urcjoy
ProjectManager.UnderRoot=false
USB_DEVICE.SERIALNUMBER_STRING_CUSTOMHID_FS=0000000000DA
Mcu.IP8=USB_DEVICE
Mcu.IP6=USART2
RCC.PLLMCOFreq_Value=36000000
Mcu.IP7=USB
ProjectManager.CoupleFile=false
PA4.Signal=GPIO_Output
RCC.SYSCLKFreq_VALUE=72000000
Mcu.Package=LQFP48
PB5.Signal=S_TIM3_CH2
RCC.TimSysFreq_Value=72000000
PA12.Mode=Device
PA10.Locked=true
NVIC.ForceEnableDMAVector=true
KeepUserPlacement=false
USART2.VirtualMode=VM_ASYNC
NVIC.MemoryManagement_IRQn=true\:0\:0\:false\:false\:false\:false\:false
USART1.VirtualMode=VM_ASYNC
ProjectManager.CompilerOptimize=6
ProjectManager.ToolChainLocation=
VP_SYS_VS_Systick.Signal=SYS_VS_Systick
PA11.Signal=USB_DM
VP_IWDG_VS_IWDG.Signal=IWDG_VS_IWDG
PA10.Signal=USART1_RX
PA14.Signal=SYS_JTCK-SWCLK
ProjectManager.HeapSize=0x200
Mcu.Pin15=VP_TIM3_VS_ControllerModeReset
NVIC.HardFault_IRQn=true\:0\:0\:false\:false\:false\:false\:false
Mcu.Pin16=VP_TIM3_VS_ClockSourceINT
Mcu.Pin13=VP_IWDG_VS_IWDG
Mcu.Pin14=VP_SYS_VS_Systick
PA4.GPIO_ModeDefaultOutputPP=GPIO_MODE_OUTPUT_PP
ProjectManager.ComputerToolchain=false
Mcu.Pin17=VP_USB_DEVICE_VS_USB_DEVICE_CUSTOM_HID_FS
NVIC.PriorityGroup=NVIC_PRIORITYGROUP_4
Mcu.Pin11=PA14
PB5.GPIO_Label=DATA_IN
Mcu.Pin12=PB5
Mcu.Pin10=PA13
IWDG.Prescaler=IWDG_PRESCALER_16
RCC.APB1TimFreq_Value=72000000
PA2.Mode=Asynchronous
NVIC.BusFault_IRQn=true\:0\:0\:false\:false\:false\:false\:false
USB_DEVICE.USBD_CUSTOMHID_OUTREPORT_BUF_SIZE=64
VP_TIM3_VS_ControllerModeReset.Mode=Reset Mode
RCC.APB1Freq_Value=36000000
USART2.Mode=MODE_RX
USB_DEVICE.VirtualMode=CustomHid
PA4.GPIO_Label=DATA_OUT
ProjectManager.CustomerFirmwarePackage=
VP_TIM3_VS_ClockSourceINT.Mode=Internal
ProjectManager.DeviceId=STM32F103C8Tx
ProjectManager.LibraryCopy=1
PA3.Signal=USART2_RX
